// !$*UTF8*$!
{
	archiveVersion = 1;
	classes = {
	};
	objectVersion = 56;
	objects = {

/* Begin PBXBuildFile section */
		3605BBAA296B4D7400FD0F2D /* home.c in Sources */ = {isa = PBXBuildFile; fileRef = 3605BBA8296B4D7400FD0F2D /* home.c */; };
		3605BBAB296B4D7400FD0F2D /* main.c in Sources */ = {isa = PBXBuildFile; fileRef = 3605BBA9296B4D7400FD0F2D /* main.c */; };
		3605BBAF296B4E2000FD0F2D /* navigation.c in Sources */ = {isa = PBXBuildFile; fileRef = 3605BBAE296B4E2000FD0F2D /* navigation.c */; };
		3605BBB1296B4E4100FD0F2D /* log.c in Sources */ = {isa = PBXBuildFile; fileRef = 3605BBB0296B4E4100FD0F2D /* log.c */; };
		36A5D6ED29673ED500D11A33 /* Assets.xcassets in Resources */ = {isa = PBXBuildFile; fileRef = 36A5D6EC29673ED500D11A33 /* Assets.xcassets */; };
		36A5D6F029673ED500D11A33 /* LaunchScreen.storyboard in Resources */ = {isa = PBXBuildFile; fileRef = 36A5D6EE29673ED500D11A33 /* LaunchScreen.storyboard */; };
		36A5D7382967443900D11A33 /* SDL2_image.framework in Frameworks */ = {isa = PBXBuildFile; fileRef = 36A5D726296741F200D11A33 /* SDL2_image.framework */; };
		36A5D7392967443900D11A33 /* SDL2_image.framework in Embed Frameworks */ = {isa = PBXBuildFile; fileRef = 36A5D726296741F200D11A33 /* SDL2_image.framework */; settings = {ATTRIBUTES = (CodeSignOnCopy, RemoveHeadersOnCopy, ); }; };
		36A5D73B2967443A00D11A33 /* SDL2.framework in Frameworks */ = {isa = PBXBuildFile; fileRef = 36A5D709296741DE00D11A33 /* SDL2.framework */; };
		36A5D73C2967443A00D11A33 /* SDL2.framework in Embed Frameworks */ = {isa = PBXBuildFile; fileRef = 36A5D709296741DE00D11A33 /* SDL2.framework */; settings = {ATTRIBUTES = (CodeSignOnCopy, RemoveHeadersOnCopy, ); }; };
		36A5D73E2967447600D11A33 /* SDL_uikit_main.c in Sources */ = {isa = PBXBuildFile; fileRef = 36A5D73D2967447600D11A33 /* SDL_uikit_main.c */; };
		36A5D740296744B900D11A33 /* main.c in Sources */ = {isa = PBXBuildFile; fileRef = 36A5D73F296744B900D11A33 /* main.c */; };
		36A5D7422967456100D11A33 /* assets in Resources */ = {isa = PBXBuildFile; fileRef = 36A5D7412967456100D11A33 /* assets */; };
/* End PBXBuildFile section */

/* Begin PBXContainerItemProxy section */
		36A5D706296741DE00D11A33 /* PBXContainerItemProxy */ = {
			isa = PBXContainerItemProxy;
			containerPortal = 36A5D6F8296741DE00D11A33 /* SDL.xcodeproj */;
			proxyType = 2;
			remoteGlobalIDString = BECDF66C0761BA81005FE872;
			remoteInfo = Framework;
		};
		36A5D708296741DE00D11A33 /* PBXContainerItemProxy */ = {
			isa = PBXContainerItemProxy;
			containerPortal = 36A5D6F8296741DE00D11A33 /* SDL.xcodeproj */;
			proxyType = 2;
			remoteGlobalIDString = A7D88B5423E2437C00DCD162;
			remoteInfo = "Framework-iOS";
		};
		36A5D70A296741DE00D11A33 /* PBXContainerItemProxy */ = {
			isa = PBXContainerItemProxy;
			containerPortal = 36A5D6F8296741DE00D11A33 /* SDL.xcodeproj */;
			proxyType = 2;
			remoteGlobalIDString = A7D88D1523E24BED00DCD162;
			remoteInfo = "Framework-tvOS";
		};
		36A5D70C296741DE00D11A33 /* PBXContainerItemProxy */ = {
			isa = PBXContainerItemProxy;
			containerPortal = 36A5D6F8296741DE00D11A33 /* SDL.xcodeproj */;
			proxyType = 2;
			remoteGlobalIDString = E2D187CF28A5673500D2B4F1;
			remoteInfo = "xcFramework-iOS";
		};
		36A5D70E296741DE00D11A33 /* PBXContainerItemProxy */ = {
			isa = PBXContainerItemProxy;
			containerPortal = 36A5D6F8296741DE00D11A33 /* SDL.xcodeproj */;
			proxyType = 2;
			remoteGlobalIDString = BECDF6B30761BA81005FE872;
			remoteInfo = "Static Library";
		};
		36A5D710296741DE00D11A33 /* PBXContainerItemProxy */ = {
			isa = PBXContainerItemProxy;
			containerPortal = 36A5D6F8296741DE00D11A33 /* SDL.xcodeproj */;
			proxyType = 2;
			remoteGlobalIDString = A7D88E5423E24D3B00DCD162;
			remoteInfo = "Static Library-iOS";
		};
		36A5D712296741DE00D11A33 /* PBXContainerItemProxy */ = {
			isa = PBXContainerItemProxy;
			containerPortal = 36A5D6F8296741DE00D11A33 /* SDL.xcodeproj */;
			proxyType = 2;
			remoteGlobalIDString = A769B23D23E259AE00872273;
			remoteInfo = "Static Library-tvOS";
		};
		36A5D714296741DE00D11A33 /* PBXContainerItemProxy */ = {
			isa = PBXContainerItemProxy;
			containerPortal = 36A5D6F8296741DE00D11A33 /* SDL.xcodeproj */;
			proxyType = 2;
			remoteGlobalIDString = DB31407717554B71006C0E22;
			remoteInfo = "Shared Library";
		};
		36A5D716296741DE00D11A33 /* PBXContainerItemProxy */ = {
			isa = PBXContainerItemProxy;
			containerPortal = 36A5D6F8296741DE00D11A33 /* SDL.xcodeproj */;
			proxyType = 2;
			remoteGlobalIDString = A75FCEB323E25AB700529352;
			remoteInfo = "Shared Library-iOS";
		};
		36A5D718296741DE00D11A33 /* PBXContainerItemProxy */ = {
			isa = PBXContainerItemProxy;
			containerPortal = 36A5D6F8296741DE00D11A33 /* SDL.xcodeproj */;
			proxyType = 2;
			remoteGlobalIDString = A75FD06C23E25AC700529352;
			remoteInfo = "Shared Library-tvOS";
		};
		36A5D71A296741DE00D11A33 /* PBXContainerItemProxy */ = {
			isa = PBXContainerItemProxy;
			containerPortal = 36A5D6F8296741DE00D11A33 /* SDL.xcodeproj */;
			proxyType = 2;
			remoteGlobalIDString = BECDF6BE0761BA81005FE872;
			remoteInfo = "Standard DMG";
		};
		36A5D725296741F200D11A33 /* PBXContainerItemProxy */ = {
			isa = PBXContainerItemProxy;
			containerPortal = 36A5D71C296741F200D11A33 /* SDL_image.xcodeproj */;
			proxyType = 2;
			remoteGlobalIDString = BE1FA72E07AF4C45004B6283;
			remoteInfo = Framework;
		};
		36A5D727296741F200D11A33 /* PBXContainerItemProxy */ = {
			isa = PBXContainerItemProxy;
			containerPortal = 36A5D71C296741F200D11A33 /* SDL_image.xcodeproj */;
			proxyType = 2;
			remoteGlobalIDString = BE1FA74107AF4C45004B6283;
			remoteInfo = "Static Library";
		};
		36A5D729296741F200D11A33 /* PBXContainerItemProxy */ = {
			isa = PBXContainerItemProxy;
			containerPortal = 36A5D71C296741F200D11A33 /* SDL_image.xcodeproj */;
			proxyType = 2;
			remoteGlobalIDString = BE1FA74507AF4C45004B6283;
			remoteInfo = "Create DMG";
		};
/* End PBXContainerItemProxy section */

/* Begin PBXCopyFilesBuildPhase section */
		36A5D73A2967443900D11A33 /* Embed Frameworks */ = {
			isa = PBXCopyFilesBuildPhase;
			buildActionMask = 2147483647;
			dstPath = "";
			dstSubfolderSpec = 10;
			files = (
				36A5D7392967443900D11A33 /* SDL2_image.framework in Embed Frameworks */,
				36A5D73C2967443A00D11A33 /* SDL2.framework in Embed Frameworks */,
			);
			name = "Embed Frameworks";
			runOnlyForDeploymentPostprocessing = 0;
		};
/* End PBXCopyFilesBuildPhase section */

/* Begin PBXFileReference section */
		3605BBA8296B4D7400FD0F2D /* home.c */ = {isa = PBXFileReference; fileEncoding = 4; lastKnownFileType = sourcecode.c.c; name = home.c; path = ../../../../common/src/screens/home.c; sourceTree = "<group>"; };
		3605BBA9296B4D7400FD0F2D /* main.c */ = {isa = PBXFileReference; fileEncoding = 4; lastKnownFileType = sourcecode.c.c; name = main.c; path = ../../../../common/src/screens/main.c; sourceTree = "<group>"; };
		3605BBAE296B4E2000FD0F2D /* navigation.c */ = {isa = PBXFileReference; fileEncoding = 4; lastKnownFileType = sourcecode.c.c; name = navigation.c; path = ../../../../common/src/core/navigation.c; sourceTree = "<group>"; };
		3605BBB0296B4E4100FD0F2D /* log.c */ = {isa = PBXFileReference; fileEncoding = 4; lastKnownFileType = sourcecode.c.c; path = log.c; sourceTree = "<group>"; };
		36A5D6DA29673ED400D11A33 /* VeysArchives1.app */ = {isa = PBXFileReference; explicitFileType = wrapper.application; includeInIndex = 0; path = VeysArchives1.app; sourceTree = BUILT_PRODUCTS_DIR; };
		36A5D6EC29673ED500D11A33 /* Assets.xcassets */ = {isa = PBXFileReference; lastKnownFileType = folder.assetcatalog; path = Assets.xcassets; sourceTree = "<group>"; };
		36A5D6EF29673ED500D11A33 /* Base */ = {isa = PBXFileReference; lastKnownFileType = file.storyboard; name = Base; path = Base.lproj/LaunchScreen.storyboard; sourceTree = "<group>"; };
		36A5D6F8296741DE00D11A33 /* SDL.xcodeproj */ = {isa = PBXFileReference; lastKnownFileType = "wrapper.pb-project"; name = SDL.xcodeproj; path = ../../../SDL/Xcode/SDL/SDL.xcodeproj; sourceTree = "<group>"; };
		36A5D71C296741F200D11A33 /* SDL_image.xcodeproj */ = {isa = PBXFileReference; lastKnownFileType = "wrapper.pb-project"; name = SDL_image.xcodeproj; path = ../../../SDL_image/Xcode/SDL_image.xcodeproj; sourceTree = "<group>"; };
		36A5D73D2967447600D11A33 /* SDL_uikit_main.c */ = {isa = PBXFileReference; fileEncoding = 4; lastKnownFileType = sourcecode.c.c; name = SDL_uikit_main.c; path = ../../../../SDL/src/main/uikit/SDL_uikit_main.c; sourceTree = "<group>"; };
		36A5D73F296744B900D11A33 /* main.c */ = {isa = PBXFileReference; fileEncoding = 4; lastKnownFileType = sourcecode.c.c; name = main.c; path = ../../../common/src/main.c; sourceTree = "<group>"; };
		36A5D7412967456100D11A33 /* assets */ = {isa = PBXFileReference; lastKnownFileType = folder; name = assets; path = ../../../common/assets; sourceTree = "<group>"; };
/* End PBXFileReference section */

/* Begin PBXFrameworksBuildPhase section */
		36A5D6D729673ED300D11A33 /* Frameworks */ = {
			isa = PBXFrameworksBuildPhase;
			buildActionMask = 2147483647;
			files = (
				36A5D7382967443900D11A33 /* SDL2_image.framework in Frameworks */,
				36A5D73B2967443A00D11A33 /* SDL2.framework in Frameworks */,
			);
			runOnlyForDeploymentPostprocessing = 0;
		};
/* End PBXFrameworksBuildPhase section */

/* Begin PBXGroup section */
		3605BB99296B4D5100FD0F2D /* screens */ = {
			isa = PBXGroup;
			children = (
				3605BBA8296B4D7400FD0F2D /* home.c */,
				3605BBA9296B4D7400FD0F2D /* main.c */,
			);
			path = screens;
			sourceTree = "<group>";
		};
		3605BBAD296B4DFE00FD0F2D /* core */ = {
			isa = PBXGroup;
			children = (
				3605BBB0296B4E4100FD0F2D /* log.c */,
				3605BBAE296B4E2000FD0F2D /* navigation.c */,
			);
			path = core;
			sourceTree = "<group>";
		};
		36A5D6D129673ED300D11A33 = {
			isa = PBXGroup;
			children = (
				36A5D71C296741F200D11A33 /* SDL_image.xcodeproj */,
				36A5D6F8296741DE00D11A33 /* SDL.xcodeproj */,
				36A5D6DC29673ED400D11A33 /* VeysArchives1 */,
				36A5D6DB29673ED400D11A33 /* Products */,
				36A5D72B2967436500D11A33 /* Frameworks */,
			);
			sourceTree = "<group>";
		};
		36A5D6DB29673ED400D11A33 /* Products */ = {
			isa = PBXGroup;
			children = (
				36A5D6DA29673ED400D11A33 /* VeysArchives1.app */,
			);
			name = Products;
			sourceTree = "<group>";
		};
		36A5D6DC29673ED400D11A33 /* VeysArchives1 */ = {
			isa = PBXGroup;
			children = (
				3605BBAD296B4DFE00FD0F2D /* core */,
				3605BB99296B4D5100FD0F2D /* screens */,
				36A5D7412967456100D11A33 /* assets */,
				36A5D73F296744B900D11A33 /* main.c */,
				36A5D73D2967447600D11A33 /* SDL_uikit_main.c */,
				36A5D6EC29673ED500D11A33 /* Assets.xcassets */,
				36A5D6EE29673ED500D11A33 /* LaunchScreen.storyboard */,
			);
			path = VeysArchives1;
			sourceTree = "<group>";
		};
		36A5D6F9296741DE00D11A33 /* Products */ = {
			isa = PBXGroup;
			children = (
				36A5D707296741DE00D11A33 /* SDL2.framework */,
				36A5D709296741DE00D11A33 /* SDL2.framework */,
				36A5D70B296741DE00D11A33 /* SDL2.framework */,
				36A5D70D296741DE00D11A33 /* SDL2.framework */,
				36A5D70F296741DE00D11A33 /* libSDL2.a */,
				36A5D711296741DE00D11A33 /* libSDL2.a */,
				36A5D713296741DE00D11A33 /* libSDL2.a */,
				36A5D715296741DE00D11A33 /* libSDL2.dylib */,
				36A5D717296741DE00D11A33 /* libSDL2.dylib */,
				36A5D719296741DE00D11A33 /* libSDL2.dylib */,
				36A5D71B296741DE00D11A33 /* SDL2 */,
			);
			name = Products;
			sourceTree = "<group>";
		};
		36A5D71D296741F200D11A33 /* Products */ = {
			isa = PBXGroup;
			children = (
				36A5D726296741F200D11A33 /* SDL2_image.framework */,
				36A5D728296741F200D11A33 /* libSDL2_image.a */,
				36A5D72A296741F200D11A33 /* Create DMG */,
			);
			name = Products;
			sourceTree = "<group>";
		};
		36A5D72B2967436500D11A33 /* Frameworks */ = {
			isa = PBXGroup;
			children = (
			);
			name = Frameworks;
			sourceTree = "<group>";
		};
/* End PBXGroup section */

/* Begin PBXNativeTarget section */
		36A5D6D929673ED300D11A33 /* VeysArchives1 */ = {
			isa = PBXNativeTarget;
			buildConfigurationList = 36A5D6F529673ED500D11A33 /* Build configuration list for PBXNativeTarget "VeysArchives1" */;
			buildPhases = (
				36A5D6D629673ED300D11A33 /* Sources */,
				36A5D6D729673ED300D11A33 /* Frameworks */,
				36A5D6D829673ED300D11A33 /* Resources */,
				36A5D73A2967443900D11A33 /* Embed Frameworks */,
			);
			buildRules = (
			);
			dependencies = (
			);
			name = VeysArchives1;
			productName = VeysArchives1;
			productReference = 36A5D6DA29673ED400D11A33 /* VeysArchives1.app */;
			productType = "com.apple.product-type.application";
		};
/* End PBXNativeTarget section */

/* Begin PBXProject section */
		36A5D6D229673ED300D11A33 /* Project object */ = {
			isa = PBXProject;
			attributes = {
				BuildIndependentTargetsInParallel = 1;
				LastUpgradeCheck = 1400;
				TargetAttributes = {
					36A5D6D929673ED300D11A33 = {
						CreatedOnToolsVersion = 14.0.1;
					};
				};
			};
			buildConfigurationList = 36A5D6D529673ED300D11A33 /* Build configuration list for PBXProject "VeysArchives1" */;
			compatibilityVersion = "Xcode 14.0";
			developmentRegion = en;
			hasScannedForEncodings = 0;
			knownRegions = (
				en,
				Base,
			);
			mainGroup = 36A5D6D129673ED300D11A33;
			productRefGroup = 36A5D6DB29673ED400D11A33 /* Products */;
			projectDirPath = "";
			projectReferences = (
				{
					ProductGroup = 36A5D6F9296741DE00D11A33 /* Products */;
					ProjectRef = 36A5D6F8296741DE00D11A33 /* SDL.xcodeproj */;
				},
				{
					ProductGroup = 36A5D71D296741F200D11A33 /* Products */;
					ProjectRef = 36A5D71C296741F200D11A33 /* SDL_image.xcodeproj */;
				},
			);
			projectRoot = "";
			targets = (
				36A5D6D929673ED300D11A33 /* VeysArchives1 */,
			);
		};
/* End PBXProject section */

/* Begin PBXReferenceProxy section */
		36A5D707296741DE00D11A33 /* SDL2.framework */ = {
			isa = PBXReferenceProxy;
			fileType = wrapper.framework;
			path = SDL2.framework;
			remoteRef = 36A5D706296741DE00D11A33 /* PBXContainerItemProxy */;
			sourceTree = BUILT_PRODUCTS_DIR;
		};
		36A5D709296741DE00D11A33 /* SDL2.framework */ = {
			isa = PBXReferenceProxy;
			fileType = wrapper.framework;
			path = SDL2.framework;
			remoteRef = 36A5D708296741DE00D11A33 /* PBXContainerItemProxy */;
			sourceTree = BUILT_PRODUCTS_DIR;
		};
		36A5D70B296741DE00D11A33 /* SDL2.framework */ = {
			isa = PBXReferenceProxy;
			fileType = wrapper.framework;
			path = SDL2.framework;
			remoteRef = 36A5D70A296741DE00D11A33 /* PBXContainerItemProxy */;
			sourceTree = BUILT_PRODUCTS_DIR;
		};
		36A5D70D296741DE00D11A33 /* SDL2.framework */ = {
			isa = PBXReferenceProxy;
			fileType = wrapper.framework;
			path = SDL2.framework;
			remoteRef = 36A5D70C296741DE00D11A33 /* PBXContainerItemProxy */;
			sourceTree = BUILT_PRODUCTS_DIR;
		};
		36A5D70F296741DE00D11A33 /* libSDL2.a */ = {
			isa = PBXReferenceProxy;
			fileType = archive.ar;
			path = libSDL2.a;
			remoteRef = 36A5D70E296741DE00D11A33 /* PBXContainerItemProxy */;
			sourceTree = BUILT_PRODUCTS_DIR;
		};
		36A5D711296741DE00D11A33 /* libSDL2.a */ = {
			isa = PBXReferenceProxy;
			fileType = archive.ar;
			path = libSDL2.a;
			remoteRef = 36A5D710296741DE00D11A33 /* PBXContainerItemProxy */;
			sourceTree = BUILT_PRODUCTS_DIR;
		};
		36A5D713296741DE00D11A33 /* libSDL2.a */ = {
			isa = PBXReferenceProxy;
			fileType = archive.ar;
			path = libSDL2.a;
			remoteRef = 36A5D712296741DE00D11A33 /* PBXContainerItemProxy */;
			sourceTree = BUILT_PRODUCTS_DIR;
		};
		36A5D715296741DE00D11A33 /* libSDL2.dylib */ = {
			isa = PBXReferenceProxy;
			fileType = "compiled.mach-o.dylib";
			path = libSDL2.dylib;
			remoteRef = 36A5D714296741DE00D11A33 /* PBXContainerItemProxy */;
			sourceTree = BUILT_PRODUCTS_DIR;
		};
		36A5D717296741DE00D11A33 /* libSDL2.dylib */ = {
			isa = PBXReferenceProxy;
			fileType = "compiled.mach-o.dylib";
			path = libSDL2.dylib;
			remoteRef = 36A5D716296741DE00D11A33 /* PBXContainerItemProxy */;
			sourceTree = BUILT_PRODUCTS_DIR;
		};
		36A5D719296741DE00D11A33 /* libSDL2.dylib */ = {
			isa = PBXReferenceProxy;
			fileType = "compiled.mach-o.dylib";
			path = libSDL2.dylib;
			remoteRef = 36A5D718296741DE00D11A33 /* PBXContainerItemProxy */;
			sourceTree = BUILT_PRODUCTS_DIR;
		};
		36A5D71B296741DE00D11A33 /* SDL2 */ = {
			isa = PBXReferenceProxy;
			fileType = "compiled.mach-o.executable";
			path = SDL2;
			remoteRef = 36A5D71A296741DE00D11A33 /* PBXContainerItemProxy */;
			sourceTree = BUILT_PRODUCTS_DIR;
		};
		36A5D726296741F200D11A33 /* SDL2_image.framework */ = {
			isa = PBXReferenceProxy;
			fileType = wrapper.framework;
			path = SDL2_image.framework;
			remoteRef = 36A5D725296741F200D11A33 /* PBXContainerItemProxy */;
			sourceTree = BUILT_PRODUCTS_DIR;
		};
		36A5D728296741F200D11A33 /* libSDL2_image.a */ = {
			isa = PBXReferenceProxy;
			fileType = archive.ar;
			path = libSDL2_image.a;
			remoteRef = 36A5D727296741F200D11A33 /* PBXContainerItemProxy */;
			sourceTree = BUILT_PRODUCTS_DIR;
		};
		36A5D72A296741F200D11A33 /* Create DMG */ = {
			isa = PBXReferenceProxy;
			fileType = "compiled.mach-o.executable";
			path = "Create DMG";
			remoteRef = 36A5D729296741F200D11A33 /* PBXContainerItemProxy */;
			sourceTree = BUILT_PRODUCTS_DIR;
		};
/* End PBXReferenceProxy section */

/* Begin PBXResourcesBuildPhase section */
		36A5D6D829673ED300D11A33 /* Resources */ = {
			isa = PBXResourcesBuildPhase;
			buildActionMask = 2147483647;
			files = (
				36A5D7422967456100D11A33 /* assets in Resources */,
				36A5D6F029673ED500D11A33 /* LaunchScreen.storyboard in Resources */,
				36A5D6ED29673ED500D11A33 /* Assets.xcassets in Resources */,
			);
			runOnlyForDeploymentPostprocessing = 0;
		};
/* End PBXResourcesBuildPhase section */

/* Begin PBXSourcesBuildPhase section */
		36A5D6D629673ED300D11A33 /* Sources */ = {
			isa = PBXSourcesBuildPhase;
			buildActionMask = 2147483647;
			files = (
				3605BBB1296B4E4100FD0F2D /* log.c in Sources */,
				3605BBAB296B4D7400FD0F2D /* main.c in Sources */,
				3605BBAA296B4D7400FD0F2D /* home.c in Sources */,
				3605BBAF296B4E2000FD0F2D /* navigation.c in Sources */,
				36A5D740296744B900D11A33 /* main.c in Sources */,
				36A5D73E2967447600D11A33 /* SDL_uikit_main.c in Sources */,
			);
			runOnlyForDeploymentPostprocessing = 0;
		};
/* End PBXSourcesBuildPhase section */

/* Begin PBXVariantGroup section */
		36A5D6EE29673ED500D11A33 /* LaunchScreen.storyboard */ = {
			isa = PBXVariantGroup;
			children = (
				36A5D6EF29673ED500D11A33 /* Base */,
			);
			name = LaunchScreen.storyboard;
			sourceTree = "<group>";
		};
/* End PBXVariantGroup section */

/* Begin XCBuildConfiguration section */
		36A5D6F329673ED500D11A33 /* Debug */ = {
			isa = XCBuildConfiguration;
			buildSettings = {
				ALWAYS_SEARCH_USER_PATHS = NO;
				CLANG_ANALYZER_NONNULL = YES;
				CLANG_ANALYZER_NUMBER_OBJECT_CONVERSION = YES_AGGRESSIVE;
				CLANG_CXX_LANGUAGE_STANDARD = "gnu++20";
				CLANG_ENABLE_MODULES = YES;
				CLANG_ENABLE_OBJC_ARC = YES;
				CLANG_ENABLE_OBJC_WEAK = YES;
				CLANG_WARN_BLOCK_CAPTURE_AUTORELEASING = YES;
				CLANG_WARN_BOOL_CONVERSION = YES;
				CLANG_WARN_COMMA = YES;
				CLANG_WARN_CONSTANT_CONVERSION = YES;
				CLANG_WARN_DEPRECATED_OBJC_IMPLEMENTATIONS = YES;
				CLANG_WARN_DIRECT_OBJC_ISA_USAGE = YES_ERROR;
				CLANG_WARN_DOCUMENTATION_COMMENTS = YES;
				CLANG_WARN_EMPTY_BODY = YES;
				CLANG_WARN_ENUM_CONVERSION = YES;
				CLANG_WARN_INFINITE_RECURSION = YES;
				CLANG_WARN_INT_CONVERSION = YES;
				CLANG_WARN_NON_LITERAL_NULL_CONVERSION = YES;
				CLANG_WARN_OBJC_IMPLICIT_RETAIN_SELF = YES;
				CLANG_WARN_OBJC_LITERAL_CONVERSION = YES;
				CLANG_WARN_OBJC_ROOT_CLASS = YES_ERROR;
				CLANG_WARN_QUOTED_INCLUDE_IN_FRAMEWORK_HEADER = YES;
				CLANG_WARN_RANGE_LOOP_ANALYSIS = YES;
				CLANG_WARN_STRICT_PROTOTYPES = YES;
				CLANG_WARN_SUSPICIOUS_MOVE = YES;
				CLANG_WARN_UNGUARDED_AVAILABILITY = YES_AGGRESSIVE;
				CLANG_WARN_UNREACHABLE_CODE = YES;
				CLANG_WARN__DUPLICATE_METHOD_MATCH = YES;
				COPY_PHASE_STRIP = NO;
				DEBUG_INFORMATION_FORMAT = dwarf;
				ENABLE_STRICT_OBJC_MSGSEND = YES;
				ENABLE_TESTABILITY = YES;
				GCC_C_LANGUAGE_STANDARD = gnu11;
				GCC_DYNAMIC_NO_PIC = NO;
				GCC_NO_COMMON_BLOCKS = YES;
				GCC_OPTIMIZATION_LEVEL = 0;
				GCC_PREPROCESSOR_DEFINITIONS = (
					"DEBUG=1",
					"$(inherited)",
				);
				GCC_WARN_64_TO_32_BIT_CONVERSION = YES;
				GCC_WARN_ABOUT_RETURN_TYPE = YES_ERROR;
				GCC_WARN_UNDECLARED_SELECTOR = YES;
				GCC_WARN_UNINITIALIZED_AUTOS = YES_AGGRESSIVE;
				GCC_WARN_UNUSED_FUNCTION = YES;
				GCC_WARN_UNUSED_VARIABLE = YES;
				IPHONEOS_DEPLOYMENT_TARGET = 16.0;
				MTL_ENABLE_DEBUG_INFO = INCLUDE_SOURCE;
				MTL_FAST_MATH = YES;
				ONLY_ACTIVE_ARCH = YES;
				SDKROOT = iphoneos;
			};
			name = Debug;
		};
		36A5D6F429673ED500D11A33 /* Release */ = {
			isa = XCBuildConfiguration;
			buildSettings = {
				ALWAYS_SEARCH_USER_PATHS = NO;
				CLANG_ANALYZER_NONNULL = YES;
				CLANG_ANALYZER_NUMBER_OBJECT_CONVERSION = YES_AGGRESSIVE;
				CLANG_CXX_LANGUAGE_STANDARD = "gnu++20";
				CLANG_ENABLE_MODULES = YES;
				CLANG_ENABLE_OBJC_ARC = YES;
				CLANG_ENABLE_OBJC_WEAK = YES;
				CLANG_WARN_BLOCK_CAPTURE_AUTORELEASING = YES;
				CLANG_WARN_BOOL_CONVERSION = YES;
				CLANG_WARN_COMMA = YES;
				CLANG_WARN_CONSTANT_CONVERSION = YES;
				CLANG_WARN_DEPRECATED_OBJC_IMPLEMENTATIONS = YES;
				CLANG_WARN_DIRECT_OBJC_ISA_USAGE = YES_ERROR;
				CLANG_WARN_DOCUMENTATION_COMMENTS = YES;
				CLANG_WARN_EMPTY_BODY = YES;
				CLANG_WARN_ENUM_CONVERSION = YES;
				CLANG_WARN_INFINITE_RECURSION = YES;
				CLANG_WARN_INT_CONVERSION = YES;
				CLANG_WARN_NON_LITERAL_NULL_CONVERSION = YES;
				CLANG_WARN_OBJC_IMPLICIT_RETAIN_SELF = YES;
				CLANG_WARN_OBJC_LITERAL_CONVERSION = YES;
				CLANG_WARN_OBJC_ROOT_CLASS = YES_ERROR;
				CLANG_WARN_QUOTED_INCLUDE_IN_FRAMEWORK_HEADER = YES;
				CLANG_WARN_RANGE_LOOP_ANALYSIS = YES;
				CLANG_WARN_STRICT_PROTOTYPES = YES;
				CLANG_WARN_SUSPICIOUS_MOVE = YES;
				CLANG_WARN_UNGUARDED_AVAILABILITY = YES_AGGRESSIVE;
				CLANG_WARN_UNREACHABLE_CODE = YES;
				CLANG_WARN__DUPLICATE_METHOD_MATCH = YES;
				COPY_PHASE_STRIP = NO;
				DEBUG_INFORMATION_FORMAT = "dwarf-with-dsym";
				ENABLE_NS_ASSERTIONS = NO;
				ENABLE_STRICT_OBJC_MSGSEND = YES;
				GCC_C_LANGUAGE_STANDARD = gnu11;
				GCC_NO_COMMON_BLOCKS = YES;
				GCC_WARN_64_TO_32_BIT_CONVERSION = YES;
				GCC_WARN_ABOUT_RETURN_TYPE = YES_ERROR;
				GCC_WARN_UNDECLARED_SELECTOR = YES;
				GCC_WARN_UNINITIALIZED_AUTOS = YES_AGGRESSIVE;
				GCC_WARN_UNUSED_FUNCTION = YES;
				GCC_WARN_UNUSED_VARIABLE = YES;
				IPHONEOS_DEPLOYMENT_TARGET = 16.0;
				MTL_ENABLE_DEBUG_INFO = NO;
				MTL_FAST_MATH = YES;
				SDKROOT = iphoneos;
				VALIDATE_PRODUCT = YES;
			};
			name = Release;
		};
		36A5D6F629673ED500D11A33 /* Debug */ = {
			isa = XCBuildConfiguration;
			buildSettings = {
				ASSETCATALOG_COMPILER_APPICON_NAME = AppIcon;
				ASSETCATALOG_COMPILER_GLOBAL_ACCENT_COLOR_NAME = AccentColor;
				CODE_SIGN_STYLE = Automatic;
				CURRENT_PROJECT_VERSION = 1;
				DEVELOPMENT_TEAM = 8435ANYL2N;
				GENERATE_INFOPLIST_FILE = YES;
				HEADER_SEARCH_PATHS = (
					"\"$(SRCROOT)/../../../SDL/include\"",
					"\"$(SRCROOT)/../../../SDL_image\"",
					"\"$(SRCROOT)/VeysArchives1/include\"",
					"\"$(SRCROOT)/../../common/include\"",
				);
				INFOPLIST_KEY_UIApplicationSupportsIndirectInputEvents = YES;
				INFOPLIST_KEY_UILaunchStoryboardName = LaunchScreen;
				INFOPLIST_KEY_UIRequiredDeviceCapabilities = metal;
				INFOPLIST_KEY_UIRequiresFullScreen = YES;
				INFOPLIST_KEY_UIStatusBarHidden = YES;
				INFOPLIST_KEY_UISupportedInterfaceOrientations = "UIInterfaceOrientationLandscapeLeft UIInterfaceOrientationLandscapeRight";
				IPHONEOS_DEPLOYMENT_TARGET = 12.0;
				LD_RUNPATH_SEARCH_PATHS = (
					"$(inherited)",
					"@executable_path/Frameworks",
				);
				MARKETING_VERSION = 1.0;
				PRODUCT_BUNDLE_IDENTIFIER = dev.samuel.VeysArchives1;
				PRODUCT_NAME = "$(TARGET_NAME)";
				SWIFT_EMIT_LOC_STRINGS = YES;
				TARGETED_DEVICE_FAMILY = "1,2";
			};
			name = Debug;
		};
		36A5D6F729673ED500D11A33 /* Release */ = {
			isa = XCBuildConfiguration;
			buildSettings = {
				ASSETCATALOG_COMPILER_APPICON_NAME = AppIcon;
				ASSETCATALOG_COMPILER_GLOBAL_ACCENT_COLOR_NAME = AccentColor;
				CODE_SIGN_STYLE = Automatic;
				CURRENT_PROJECT_VERSION = 1;
				DEVELOPMENT_TEAM = 8435ANYL2N;
				GENERATE_INFOPLIST_FILE = YES;
				HEADER_SEARCH_PATHS = (
					"\"$(SRCROOT)/../../../SDL/include\"",
					"\"$(SRCROOT)/../../../SDL_image\"",
					"\"$(SRCROOT)/VeysArchives1/include\"",
					"\"$(SRCROOT)/../../common/include\"",
				);
				INFOPLIST_KEY_UIApplicationSupportsIndirectInputEvents = YES;
				INFOPLIST_KEY_UILaunchStoryboardName = LaunchScreen;
				INFOPLIST_KEY_UIRequiredDeviceCapabilities = metal;
				INFOPLIST_KEY_UIRequiresFullScreen = YES;
				INFOPLIST_KEY_UIStatusBarHidden = YES;
				INFOPLIST_KEY_UISupportedInterfaceOrientations = "UIInterfaceOrientationLandscapeLeft UIInterfaceOrientationLandscapeRight";
				IPHONEOS_DEPLOYMENT_TARGET = 12.0;
				LD_RUNPATH_SEARCH_PATHS = (
					"$(inherited)",
					"@executable_path/Frameworks",
				);
				MARKETING_VERSION = 1.0;
				PRODUCT_BUNDLE_IDENTIFIER = dev.samuel.VeysArchives1;
				PRODUCT_NAME = "$(TARGET_NAME)";
				SWIFT_EMIT_LOC_STRINGS = YES;
				TARGETED_DEVICE_FAMILY = "1,2";
			};
			name = Release;
		};
/* End XCBuildConfiguration section */

/* Begin XCConfigurationList section */
		36A5D6D529673ED300D11A33 /* Build configuration list for PBXProject "VeysArchives1" */ = {
			isa = XCConfigurationList;
			buildConfigurations = (
				36A5D6F329673ED500D11A33 /* Debug */,
				36A5D6F429673ED500D11A33 /* Release */,
			);
			defaultConfigurationIsVisible = 0;
			defaultConfigurationName = Release;
		};
		36A5D6F529673ED500D11A33 /* Build configuration list for PBXNativeTarget "VeysArchives1" */ = {
			isa = XCConfigurationList;
			buildConfigurations = (
				36A5D6F629673ED500D11A33 /* Debug */,
				36A5D6F729673ED500D11A33 /* Release */,
			);
			defaultConfigurationIsVisible = 0;
			defaultConfigurationName = Release;
		};
/* End XCConfigurationList section */
	};
	rootObject = 36A5D6D229673ED300D11A33 /* Project object */;
}
